<?xml version="1.0" encoding="utf-8"?>
<Project ToolsVersion="17.0" xmlns="http://schemas.microsoft.com/developer/msbuild/2003">
  <ItemGroup>
    <CustomBuild Include="D:\projects\GTProxyy\CMakeFiles\d6859081c8c38d4ffd5e80477cc454eb\uninstall.rule">
      <Filter>CMake Rules</Filter>
    </CustomBuild>
    <CustomBuild Include="D:\projects\GTProxyy\lib\libressl\CMakeLists.txt" />
  </ItemGroup>
  <ItemGroup>
    <None Include="D:\projects\GTProxyy\lib\libressl\CMakeFiles\uninstall" />
  </ItemGroup>
  <ItemGroup>
    <Filter Include="CMake Rules">
      <UniqueIdentifier>{39C1D617-C2AF-3997-AEC6-33B2DCF67CC6}</UniqueIdentifier>
    </Filter>
  </ItemGroup>
</Project>
